// !$*UTF8*$!
{
	archiveVersion = 1;
	classes = {
	};
	objectVersion = 56;
	objects = {

/* Begin PBXBuildFile section */
		1856F3F22A2632AD00150930 /* Movie.swift in Sources */ = {isa = PBXBuildFile; fileRef = 1856F3F12A2632AD00150930 /* Movie.swift */; };
		1856F3F52A2633A400150930 /* NetworkService.swift in Sources */ = {isa = PBXBuildFile; fileRef = 1856F3F42A2633A400150930 /* NetworkService.swift */; };
		1856F3F82A26366E00150930 /* UserChecker.swift in Sources */ = {isa = PBXBuildFile; fileRef = 1856F3F72A26366E00150930 /* UserChecker.swift */; };
		1856F3FB2A263FAD00150930 /* DetailsViewController.swift in Sources */ = {isa = PBXBuildFile; fileRef = 1856F3FA2A263FAD00150930 /* DetailsViewController.swift */; };
		1878E2062A25414400A99C0A /* AppDelegate.swift in Sources */ = {isa = PBXBuildFile; fileRef = 1878E2052A25414400A99C0A /* AppDelegate.swift */; };
		1878E2082A25414400A99C0A /* SceneDelegate.swift in Sources */ = {isa = PBXBuildFile; fileRef = 1878E2072A25414400A99C0A /* SceneDelegate.swift */; };
		1878E20A2A25414400A99C0A /* LoginViewController.swift in Sources */ = {isa = PBXBuildFile; fileRef = 1878E2092A25414400A99C0A /* LoginViewController.swift */; };
		1878E20F2A25414500A99C0A /* Assets.xcassets in Resources */ = {isa = PBXBuildFile; fileRef = 1878E20E2A25414500A99C0A /* Assets.xcassets */; };
		1878E2122A25414500A99C0A /* LaunchScreen.storyboard in Resources */ = {isa = PBXBuildFile; fileRef = 1878E2102A25414500A99C0A /* LaunchScreen.storyboard */; };
		1878E21D2A2547B700A99C0A /* TextFieldWithPadding.swift in Sources */ = {isa = PBXBuildFile; fileRef = 1878E21C2A2547B700A99C0A /* TextFieldWithPadding.swift */; };
		1878E21F2A254DFD00A99C0A /* LoginButton.swift in Sources */ = {isa = PBXBuildFile; fileRef = 1878E21E2A254DFD00A99C0A /* LoginButton.swift */; };
		1878E2222A2552B400A99C0A /* ListViewController.swift in Sources */ = {isa = PBXBuildFile; fileRef = 1878E2212A2552B400A99C0A /* ListViewController.swift */; };
		1878E2242A2558CE00A99C0A /* MovieTableViewCell.swift in Sources */ = {isa = PBXBuildFile; fileRef = 1878E2232A2558CE00A99C0A /* MovieTableViewCell.swift */; };
		187E67472A275B9100CEADB8 /* UserSettings.swift in Sources */ = {isa = PBXBuildFile; fileRef = 187E67462A275B9100CEADB8 /* UserSettings.swift */; };
		187E67492A275E5700CEADB8 /* LoginViewModel.swift in Sources */ = {isa = PBXBuildFile; fileRef = 187E67482A275E5700CEADB8 /* LoginViewModel.swift */; };
		187E674B2A27634300CEADB8 /* User.swift in Sources */ = {isa = PBXBuildFile; fileRef = 187E674A2A27634300CEADB8 /* User.swift */; };
		18E48ECE2A269A4900A1D99A /* ListViewModel.swift in Sources */ = {isa = PBXBuildFile; fileRef = 18E48ECD2A269A4900A1D99A /* ListViewModel.swift */; };
/* End PBXBuildFile section */

/* Begin PBXFileReference section */
		1856F3F12A2632AD00150930 /* Movie.swift */ = {isa = PBXFileReference; lastKnownFileType = sourcecode.swift; path = Movie.swift; sourceTree = "<group>"; };
		1856F3F42A2633A400150930 /* NetworkService.swift */ = {isa = PBXFileReference; lastKnownFileType = sourcecode.swift; path = NetworkService.swift; sourceTree = "<group>"; };
		1856F3F62A2635DB00150930 /* specification.md */ = {isa = PBXFileReference; lastKnownFileType = net.daringfireball.markdown; path = specification.md; sourceTree = "<group>"; };
		1856F3F72A26366E00150930 /* UserChecker.swift */ = {isa = PBXFileReference; lastKnownFileType = sourcecode.swift; path = UserChecker.swift; sourceTree = "<group>"; };
		1856F3FA2A263FAD00150930 /* DetailsViewController.swift */ = {isa = PBXFileReference; lastKnownFileType = sourcecode.swift; path = DetailsViewController.swift; sourceTree = "<group>"; };
		1878E2022A25414400A99C0A /* iMovieDb.app */ = {isa = PBXFileReference; explicitFileType = wrapper.application; includeInIndex = 0; path = iMovieDb.app; sourceTree = BUILT_PRODUCTS_DIR; };
		1878E2052A25414400A99C0A /* AppDelegate.swift */ = {isa = PBXFileReference; lastKnownFileType = sourcecode.swift; path = AppDelegate.swift; sourceTree = "<group>"; };
		1878E2072A25414400A99C0A /* SceneDelegate.swift */ = {isa = PBXFileReference; lastKnownFileType = sourcecode.swift; path = SceneDelegate.swift; sourceTree = "<group>"; };
		1878E2092A25414400A99C0A /* LoginViewController.swift */ = {isa = PBXFileReference; lastKnownFileType = sourcecode.swift; path = LoginViewController.swift; sourceTree = "<group>"; };
		1878E20E2A25414500A99C0A /* Assets.xcassets */ = {isa = PBXFileReference; lastKnownFileType = folder.assetcatalog; path = Assets.xcassets; sourceTree = "<group>"; };
		1878E2112A25414500A99C0A /* Base */ = {isa = PBXFileReference; lastKnownFileType = file.storyboard; name = Base; path = Base.lproj/LaunchScreen.storyboard; sourceTree = "<group>"; };
		1878E2132A25414500A99C0A /* Info.plist */ = {isa = PBXFileReference; lastKnownFileType = text.plist.xml; path = Info.plist; sourceTree = "<group>"; };
		1878E21C2A2547B700A99C0A /* TextFieldWithPadding.swift */ = {isa = PBXFileReference; lastKnownFileType = sourcecode.swift; path = TextFieldWithPadding.swift; sourceTree = "<group>"; };
		1878E21E2A254DFD00A99C0A /* LoginButton.swift */ = {isa = PBXFileReference; lastKnownFileType = sourcecode.swift; path = LoginButton.swift; sourceTree = "<group>"; };
		1878E2212A2552B400A99C0A /* ListViewController.swift */ = {isa = PBXFileReference; lastKnownFileType = sourcecode.swift; path = ListViewController.swift; sourceTree = "<group>"; };
		1878E2232A2558CE00A99C0A /* MovieTableViewCell.swift */ = {isa = PBXFileReference; lastKnownFileType = sourcecode.swift; path = MovieTableViewCell.swift; sourceTree = "<group>"; };
		187E67462A275B9100CEADB8 /* UserSettings.swift */ = {isa = PBXFileReference; lastKnownFileType = sourcecode.swift; path = UserSettings.swift; sourceTree = "<group>"; };
		187E67482A275E5700CEADB8 /* LoginViewModel.swift */ = {isa = PBXFileReference; lastKnownFileType = sourcecode.swift; path = LoginViewModel.swift; sourceTree = "<group>"; };
		187E674A2A27634300CEADB8 /* User.swift */ = {isa = PBXFileReference; lastKnownFileType = sourcecode.swift; path = User.swift; sourceTree = "<group>"; };
		18E48ECD2A269A4900A1D99A /* ListViewModel.swift */ = {isa = PBXFileReference; lastKnownFileType = sourcecode.swift; path = ListViewModel.swift; sourceTree = "<group>"; };
/* End PBXFileReference section */

/* Begin PBXFrameworksBuildPhase section */
		1878E1FF2A25414400A99C0A /* Frameworks */ = {
			isa = PBXFrameworksBuildPhase;
			buildActionMask = 2147483647;
			files = (
			);
			runOnlyForDeploymentPostprocessing = 0;
		};
/* End PBXFrameworksBuildPhase section */

/* Begin PBXGroup section */
		1856F3F02A26329C00150930 /* Model */ = {
			isa = PBXGroup;
			children = (
				1856F3F12A2632AD00150930 /* Movie.swift */,
				187E674A2A27634300CEADB8 /* User.swift */,
			);
			path = Model;
			sourceTree = "<group>";
		};
		1856F3F32A26338D00150930 /* Services */ = {
			isa = PBXGroup;
			children = (
				1856F3F72A26366E00150930 /* UserChecker.swift */,
				1856F3F42A2633A400150930 /* NetworkService.swift */,
				187E67462A275B9100CEADB8 /* UserSettings.swift */,
			);
			path = Services;
			sourceTree = "<group>";
		};
		1856F3F92A263F9300150930 /* Details */ = {
			isa = PBXGroup;
			children = (
				1856F3FA2A263FAD00150930 /* DetailsViewController.swift */,
			);
			path = Details;
			sourceTree = "<group>";
		};
		1878E1F92A25414400A99C0A = {
			isa = PBXGroup;
			children = (
				1878E2042A25414400A99C0A /* iMovieDb */,
				1878E2032A25414400A99C0A /* Products */,
			);
			sourceTree = "<group>";
		};
		1878E2032A25414400A99C0A /* Products */ = {
			isa = PBXGroup;
			children = (
				1878E2022A25414400A99C0A /* iMovieDb.app */,
			);
			name = Products;
			sourceTree = "<group>";
		};
		1878E2042A25414400A99C0A /* iMovieDb */ = {
			isa = PBXGroup;
			children = (
				1878E2192A25419500A99C0A /* App */,
				1878E21A2A2541B100A99C0A /* Source */,
				1856F3F32A26338D00150930 /* Services */,
				1856F3F02A26329C00150930 /* Model */,
				1878E21B2A25473C00A99C0A /* Login */,
				1878E2202A2552A200A99C0A /* List */,
				1856F3F92A263F9300150930 /* Details */,
				1856F3F62A2635DB00150930 /* specification.md */,
			);
			path = iMovieDb;
			sourceTree = "<group>";
		};
		1878E2192A25419500A99C0A /* App */ = {
			isa = PBXGroup;
			children = (
				1878E2052A25414400A99C0A /* AppDelegate.swift */,
				1878E2072A25414400A99C0A /* SceneDelegate.swift */,
			);
			path = App;
			sourceTree = "<group>";
		};
		1878E21A2A2541B100A99C0A /* Source */ = {
			isa = PBXGroup;
			children = (
				1878E2132A25414500A99C0A /* Info.plist */,
				1878E20E2A25414500A99C0A /* Assets.xcassets */,
				1878E2102A25414500A99C0A /* LaunchScreen.storyboard */,
			);
			path = Source;
			sourceTree = "<group>";
		};
		1878E21B2A25473C00A99C0A /* Login */ = {
			isa = PBXGroup;
			children = (
				187E67482A275E5700CEADB8 /* LoginViewModel.swift */,
				1878E2092A25414400A99C0A /* LoginViewController.swift */,
				1878E21E2A254DFD00A99C0A /* LoginButton.swift */,
				1878E21C2A2547B700A99C0A /* TextFieldWithPadding.swift */,
			);
			path = Login;
			sourceTree = "<group>";
		};
		1878E2202A2552A200A99C0A /* List */ = {
			isa = PBXGroup;
			children = (
				18E48ECD2A269A4900A1D99A /* ListViewModel.swift */,
				1878E2212A2552B400A99C0A /* ListViewController.swift */,
				1878E2232A2558CE00A99C0A /* MovieTableViewCell.swift */,
			);
			path = List;
			sourceTree = "<group>";
		};
/* End PBXGroup section */

/* Begin PBXNativeTarget section */
		1878E2012A25414400A99C0A /* iMovieDb */ = {
			isa = PBXNativeTarget;
			buildConfigurationList = 1878E2162A25414500A99C0A /* Build configuration list for PBXNativeTarget "iMovieDb" */;
			buildPhases = (
				1878E1FE2A25414400A99C0A /* Sources */,
				1878E1FF2A25414400A99C0A /* Frameworks */,
				1878E2002A25414400A99C0A /* Resources */,
			);
			buildRules = (
			);
			dependencies = (
			);
			name = iMovieDb;
			productName = iMovieDb;
			productReference = 1878E2022A25414400A99C0A /* iMovieDb.app */;
			productType = "com.apple.product-type.application";
		};
/* End PBXNativeTarget section */

/* Begin PBXProject section */
		1878E1FA2A25414400A99C0A /* Project object */ = {
			isa = PBXProject;
			attributes = {
				BuildIndependentTargetsInParallel = 1;
				LastSwiftUpdateCheck = 1430;
				LastUpgradeCheck = 1430;
				TargetAttributes = {
					1878E2012A25414400A99C0A = {
						CreatedOnToolsVersion = 14.3;
					};
				};
			};
			buildConfigurationList = 1878E1FD2A25414400A99C0A /* Build configuration list for PBXProject "iMovieDb" */;
			compatibilityVersion = "Xcode 14.0";
			developmentRegion = en;
			hasScannedForEncodings = 0;
			knownRegions = (
				en,
				Base,
			);
			mainGroup = 1878E1F92A25414400A99C0A;
			productRefGroup = 1878E2032A25414400A99C0A /* Products */;
			projectDirPath = "";
			projectRoot = "";
			targets = (
				1878E2012A25414400A99C0A /* iMovieDb */,
			);
		};
/* End PBXProject section */

/* Begin PBXResourcesBuildPhase section */
		1878E2002A25414400A99C0A /* Resources */ = {
			isa = PBXResourcesBuildPhase;
			buildActionMask = 2147483647;
			files = (
				1878E2122A25414500A99C0A /* LaunchScreen.storyboard in Resources */,
				1878E20F2A25414500A99C0A /* Assets.xcassets in Resources */,
			);
			runOnlyForDeploymentPostprocessing = 0;
		};
/* End PBXResourcesBuildPhase section */

/* Begin PBXSourcesBuildPhase section */
		1878E1FE2A25414400A99C0A /* Sources */ = {
			isa = PBXSourcesBuildPhase;
			buildActionMask = 2147483647;
			files = (
				1878E21F2A254DFD00A99C0A /* LoginButton.swift in Sources */,
				1878E20A2A25414400A99C0A /* LoginViewController.swift in Sources */,
				18E48ECE2A269A4900A1D99A /* ListViewModel.swift in Sources */,
				1878E2242A2558CE00A99C0A /* MovieTableViewCell.swift in Sources */,
				187E67472A275B9100CEADB8 /* UserSettings.swift in Sources */,
				1856F3FB2A263FAD00150930 /* DetailsViewController.swift in Sources */,
				187E67492A275E5700CEADB8 /* LoginViewModel.swift in Sources */,
				1878E2222A2552B400A99C0A /* ListViewController.swift in Sources */,
				187E674B2A27634300CEADB8 /* User.swift in Sources */,
				1856F3F52A2633A400150930 /* NetworkService.swift in Sources */,
				1856F3F82A26366E00150930 /* UserChecker.swift in Sources */,
				1878E21D2A2547B700A99C0A /* TextFieldWithPadding.swift in Sources */,
				1878E2062A25414400A99C0A /* AppDelegate.swift in Sources */,
				1856F3F22A2632AD00150930 /* Movie.swift in Sources */,
				1878E2082A25414400A99C0A /* SceneDelegate.swift in Sources */,
			);
			runOnlyForDeploymentPostprocessing = 0;
		};
/* End PBXSourcesBuildPhase section */

/* Begin PBXVariantGroup section */
		1878E2102A25414500A99C0A /* LaunchScreen.storyboard */ = {
			isa = PBXVariantGroup;
			children = (
				1878E2112A25414500A99C0A /* Base */,
			);
			name = LaunchScreen.storyboard;
			sourceTree = "<group>";
		};
/* End PBXVariantGroup section */

/* Begin XCBuildConfiguration section */
		1878E2142A25414500A99C0A /* Debug */ = {
			isa = XCBuildConfiguration;
			buildSettings = {
				ALWAYS_SEARCH_USER_PATHS = NO;
				CLANG_ANALYZER_NONNULL = YES;
				CLANG_ANALYZER_NUMBER_OBJECT_CONVERSION = YES_AGGRESSIVE;
				CLANG_CXX_LANGUAGE_STANDARD = "gnu++20";
				CLANG_ENABLE_MODULES = YES;
				CLANG_ENABLE_OBJC_ARC = YES;
				CLANG_ENABLE_OBJC_WEAK = YES;
				CLANG_WARN_BLOCK_CAPTURE_AUTORELEASING = YES;
				CLANG_WARN_BOOL_CONVERSION = YES;
				CLANG_WARN_COMMA = YES;
				CLANG_WARN_CONSTANT_CONVERSION = YES;
				CLANG_WARN_DEPRECATED_OBJC_IMPLEMENTATIONS = YES;
				CLANG_WARN_DIRECT_OBJC_ISA_USAGE = YES_ERROR;
				CLANG_WARN_DOCUMENTATION_COMMENTS = YES;
				CLANG_WARN_EMPTY_BODY = YES;
				CLANG_WARN_ENUM_CONVERSION = YES;
				CLANG_WARN_INFINITE_RECURSION = YES;
				CLANG_WARN_INT_CONVERSION = YES;
				CLANG_WARN_NON_LITERAL_NULL_CONVERSION = YES;
				CLANG_WARN_OBJC_IMPLICIT_RETAIN_SELF = YES;
				CLANG_WARN_OBJC_LITERAL_CONVERSION = YES;
				CLANG_WARN_OBJC_ROOT_CLASS = YES_ERROR;
				CLANG_WARN_QUOTED_INCLUDE_IN_FRAMEWORK_HEADER = YES;
				CLANG_WARN_RANGE_LOOP_ANALYSIS = YES;
				CLANG_WARN_STRICT_PROTOTYPES = YES;
				CLANG_WARN_SUSPICIOUS_MOVE = YES;
				CLANG_WARN_UNGUARDED_AVAILABILITY = YES_AGGRESSIVE;
				CLANG_WARN_UNREACHABLE_CODE = YES;
				CLANG_WARN__DUPLICATE_METHOD_MATCH = YES;
				COPY_PHASE_STRIP = NO;
				DEBUG_INFORMATION_FORMAT = dwarf;
				ENABLE_STRICT_OBJC_MSGSEND = YES;
				ENABLE_TESTABILITY = YES;
				GCC_C_LANGUAGE_STANDARD = gnu11;
				GCC_DYNAMIC_NO_PIC = NO;
				GCC_NO_COMMON_BLOCKS = YES;
				GCC_OPTIMIZATION_LEVEL = 0;
				GCC_PREPROCESSOR_DEFINITIONS = (
					"DEBUG=1",
					"$(inherited)",
				);
				GCC_WARN_64_TO_32_BIT_CONVERSION = YES;
				GCC_WARN_ABOUT_RETURN_TYPE = YES_ERROR;
				GCC_WARN_UNDECLARED_SELECTOR = YES;
				GCC_WARN_UNINITIALIZED_AUTOS = YES_AGGRESSIVE;
				GCC_WARN_UNUSED_FUNCTION = YES;
				GCC_WARN_UNUSED_VARIABLE = YES;
				IPHONEOS_DEPLOYMENT_TARGET = 16.4;
				MTL_ENABLE_DEBUG_INFO = INCLUDE_SOURCE;
				MTL_FAST_MATH = YES;
				ONLY_ACTIVE_ARCH = YES;
				SDKROOT = iphoneos;
				SWIFT_ACTIVE_COMPILATION_CONDITIONS = DEBUG;
				SWIFT_OPTIMIZATION_LEVEL = "-Onone";
			};
			name = Debug;
		};
		1878E2152A25414500A99C0A /* Release */ = {
			isa = XCBuildConfiguration;
			buildSettings = {
				ALWAYS_SEARCH_USER_PATHS = NO;
				CLANG_ANALYZER_NONNULL = YES;
				CLANG_ANALYZER_NUMBER_OBJECT_CONVERSION = YES_AGGRESSIVE;
				CLANG_CXX_LANGUAGE_STANDARD = "gnu++20";
				CLANG_ENABLE_MODULES = YES;
				CLANG_ENABLE_OBJC_ARC = YES;
				CLANG_ENABLE_OBJC_WEAK = YES;
				CLANG_WARN_BLOCK_CAPTURE_AUTORELEASING = YES;
				CLANG_WARN_BOOL_CONVERSION = YES;
				CLANG_WARN_COMMA = YES;
				CLANG_WARN_CONSTANT_CONVERSION = YES;
				CLANG_WARN_DEPRECATED_OBJC_IMPLEMENTATIONS = YES;
				CLANG_WARN_DIRECT_OBJC_ISA_USAGE = YES_ERROR;
				CLANG_WARN_DOCUMENTATION_COMMENTS = YES;
				CLANG_WARN_EMPTY_BODY = YES;
				CLANG_WARN_ENUM_CONVERSION = YES;
				CLANG_WARN_INFINITE_RECURSION = YES;
				CLANG_WARN_INT_CONVERSION = YES;
				CLANG_WARN_NON_LITERAL_NULL_CONVERSION = YES;
				CLANG_WARN_OBJC_IMPLICIT_RETAIN_SELF = YES;
				CLANG_WARN_OBJC_LITERAL_CONVERSION = YES;
				CLANG_WARN_OBJC_ROOT_CLASS = YES_ERROR;
				CLANG_WARN_QUOTED_INCLUDE_IN_FRAMEWORK_HEADER = YES;
				CLANG_WARN_RANGE_LOOP_ANALYSIS = YES;
				CLANG_WARN_STRICT_PROTOTYPES = YES;
				CLANG_WARN_SUSPICIOUS_MOVE = YES;
				CLANG_WARN_UNGUARDED_AVAILABILITY = YES_AGGRESSIVE;
				CLANG_WARN_UNREACHABLE_CODE = YES;
				CLANG_WARN__DUPLICATE_METHOD_MATCH = YES;
				COPY_PHASE_STRIP = NO;
				DEBUG_INFORMATION_FORMAT = "dwarf-with-dsym";
				ENABLE_NS_ASSERTIONS = NO;
				ENABLE_STRICT_OBJC_MSGSEND = YES;
				GCC_C_LANGUAGE_STANDARD = gnu11;
				GCC_NO_COMMON_BLOCKS = YES;
				GCC_WARN_64_TO_32_BIT_CONVERSION = YES;
				GCC_WARN_ABOUT_RETURN_TYPE = YES_ERROR;
				GCC_WARN_UNDECLARED_SELECTOR = YES;
				GCC_WARN_UNINITIALIZED_AUTOS = YES_AGGRESSIVE;
				GCC_WARN_UNUSED_FUNCTION = YES;
				GCC_WARN_UNUSED_VARIABLE = YES;
				IPHONEOS_DEPLOYMENT_TARGET = 16.4;
				MTL_ENABLE_DEBUG_INFO = NO;
				MTL_FAST_MATH = YES;
				SDKROOT = iphoneos;
				SWIFT_COMPILATION_MODE = wholemodule;
				SWIFT_OPTIMIZATION_LEVEL = "-O";
				VALIDATE_PRODUCT = YES;
			};
			name = Release;
		};
		1878E2172A25414500A99C0A /* Debug */ = {
			isa = XCBuildConfiguration;
			buildSettings = {
				ASSETCATALOG_COMPILER_APPICON_NAME = AppIcon;
				ASSETCATALOG_COMPILER_GLOBAL_ACCENT_COLOR_NAME = AccentColor;
				CODE_SIGN_STYLE = Automatic;
				CURRENT_PROJECT_VERSION = 1;
				DEVELOPMENT_TEAM = 4V4XBFRF5Z;
				GENERATE_INFOPLIST_FILE = YES;
				INFOPLIST_FILE = iMovieDb/Source/Info.plist;
				INFOPLIST_KEY_UIApplicationSupportsIndirectInputEvents = YES;
				INFOPLIST_KEY_UILaunchStoryboardName = LaunchScreen.storyboard;
				INFOPLIST_KEY_UISupportedInterfaceOrientations_iPad = "UIInterfaceOrientationPortrait UIInterfaceOrientationPortraitUpsideDown UIInterfaceOrientationLandscapeLeft UIInterfaceOrientationLandscapeRight";
				INFOPLIST_KEY_UISupportedInterfaceOrientations_iPhone = "UIInterfaceOrientationPortrait UIInterfaceOrientationLandscapeLeft UIInterfaceOrientationLandscapeRight";
				IPHONEOS_DEPLOYMENT_TARGET = 15.1;
				LD_RUNPATH_SEARCH_PATHS = (
					"$(inherited)",
					"@executable_path/Frameworks",
				);
				MARKETING_VERSION = 1.0;
				PRODUCT_BUNDLE_IDENTIFIER = com.amorfien.iMovieDb;
				PRODUCT_NAME = "$(TARGET_NAME)";
				SWIFT_EMIT_LOC_STRINGS = YES;
				SWIFT_VERSION = 5.0;
				TARGETED_DEVICE_FAMILY = "1,2";
			};
			name = Debug;
		};
		1878E2182A25414500A99C0A /* Release */ = {
			isa = XCBuildConfiguration;
			buildSettings = {
				ASSETCATALOG_COMPILER_APPICON_NAME = AppIcon;
				ASSETCATALOG_COMPILER_GLOBAL_ACCENT_COLOR_NAME = AccentColor;
				CODE_SIGN_STYLE = Automatic;
				CURRENT_PROJECT_VERSION = 1;
				DEVELOPMENT_TEAM = 4V4XBFRF5Z;
				GENERATE_INFOPLIST_FILE = YES;
				INFOPLIST_FILE = iMovieDb/Source/Info.plist;
				INFOPLIST_KEY_UIApplicationSupportsIndirectInputEvents = YES;
				INFOPLIST_KEY_UILaunchStoryboardName = LaunchScreen.storyboard;
				INFOPLIST_KEY_UISupportedInterfaceOrientations_iPad = "UIInterfaceOrientationPortrait UIInterfaceOrientationPortraitUpsideDown UIInterfaceOrientationLandscapeLeft UIInterfaceOrientationLandscapeRight";
				INFOPLIST_KEY_UISupportedInterfaceOrientations_iPhone = "UIInterfaceOrientationPortrait UIInterfaceOrientationLandscapeLeft UIInterfaceOrientationLandscapeRight";
				IPHONEOS_DEPLOYMENT_TARGET = 15.1;
				LD_RUNPATH_SEARCH_PATHS = (
					"$(inherited)",
					"@executable_path/Frameworks",
				);
				MARKETING_VERSION = 1.0;
				PRODUCT_BUNDLE_IDENTIFIER = com.amorfien.iMovieDb;
				PRODUCT_NAME = "$(TARGET_NAME)";
				SWIFT_EMIT_LOC_STRINGS = YES;
				SWIFT_VERSION = 5.0;
				TARGETED_DEVICE_FAMILY = "1,2";
			};
			name = Release;
		};
/* End XCBuildConfiguration section */

/* Begin XCConfigurationList section */
		1878E1FD2A25414400A99C0A /* Build configuration list for PBXProject "iMovieDb" */ = {
			isa = XCConfigurationList;
			buildConfigurations = (
				1878E2142A25414500A99C0A /* Debug */,
				1878E2152A25414500A99C0A /* Release */,
			);
			defaultConfigurationIsVisible = 0;
			defaultConfigurationName = Release;
		};
		1878E2162A25414500A99C0A /* Build configuration list for PBXNativeTarget "iMovieDb" */ = {
			isa = XCConfigurationList;
			buildConfigurations = (
				1878E2172A25414500A99C0A /* Debug */,
				1878E2182A25414500A99C0A /* Release */,
			);
			defaultConfigurationIsVisible = 0;
			defaultConfigurationName = Release;
		};
/* End XCConfigurationList section */
	};
	rootObject = 1878E1FA2A25414400A99C0A /* Project object */;
}
